{
  "pins" : [
    {
      "identity" : "files",
      "kind" : "remoteSourceControl",
      "location" : "https://github.com/JohnSundell/Files",
      "state" : {
        "revision" : "d273b5b7025d386feef79ef6bad7de762e106eaf",
        "version" : "4.2.0"
      }
    },
    {
      "identity" : "swift-argument-parser",
      "kind" : "remoteSourceControl",
      "location" : "https://github.com/apple/swift-argument-parser",
      "state" : {
        "revision" : "f3c9084a71ef4376f2fabbdf1d3d90a49f1fabdb",
        "version" : "1.1.2"
      }
    },
    {
      "identity" : "swift-graphql",
      "kind" : "remoteSourceControl",
      "location" : "https://github.com/maticzav/swift-graphql/",
      "state" : {
        "revision" : "b1fad45d10194e865685150fedad9ef0845fb254",
        "version" : "2.3.1"
      }
    },
    {
      "identity" : "swiftformat",
      "kind" : "remoteSourceControl",
      "location" : "https://github.com/nicklockwood/SwiftFormat",
      "state" : {
        "revision" : "f8e35f6716c369c8412664052a0a7337da2ca0e3",
        "version" : "0.49.9"
      }
    },
    {
      "identity" : "yams",
      "kind" : "remoteSourceControl",
      "location" : "https://github.com/jpsim/Yams.git",
      "state" : {
        "revision" : "9ff1cc9327586db4e0c8f46f064b6a82ec1566fa",
        "version" : "4.0.6"
      }
    }
  ],
  "version" : 2
}
